
Microsoft Visual Studio Solution File, Format Version 12.00
Project("{FAE04EC0-301F-11D3-BF4B-00C04F79EFBC}") = "ReverseMutty", "ReverseMutty\ReverseMutty\ReverseMutty.csproj", "{4619FD55-BC04-4613-8F59-00AD99D9519F}"
EndProject
Project("{FAE04EC0-301F-11D3-BF4B-00C04F79EFBC}") = "ReverseMutty.Sample", "ReverseMutty\ReverseMutty.Sample\ReverseMutty.Sample.csproj", "{4498E76C-EC5C-4601-8DCA-4CC103CF80F8}"
EndProject
Global
	GlobalSection(SolutionConfigurationPlatforms) = preSolution
		Debug|Any CPU = Debug|Any CPU
		Release|Any CPU = Release|Any CPU
	EndGlobalSection
	GlobalSection(ProjectConfigurationPlatforms) = postSolution
		{4619FD55-BC04-4613-8F59-00AD99D9519F}.Debug|Any CPU.ActiveCfg = Debug|Any CPU
		{4619FD55-BC04-4613-8F59-00AD99D9519F}.Debug|Any CPU.Build.0 = Debug|Any CPU
		{4619FD55-BC04-4613-8F59-00AD99D9519F}.Release|Any CPU.ActiveCfg = Release|Any CPU
		{4619FD55-BC04-4613-8F59-00AD99D9519F}.Release|Any CPU.Build.0 = Release|Any CPU
		{4498E76C-EC5C-4601-8DCA-4CC103CF80F8}.Debug|Any CPU.ActiveCfg = Debug|Any CPU
		{4498E76C-EC5C-4601-8DCA-4CC103CF80F8}.Debug|Any CPU.Build.0 = Debug|Any CPU
		{4498E76C-EC5C-4601-8DCA-4CC103CF80F8}.Release|Any CPU.ActiveCfg = Release|Any CPU
		{4498E76C-EC5C-4601-8DCA-4CC103CF80F8}.Release|Any CPU.Build.0 = Release|Any CPU
	EndGlobalSection
EndGlobal
